
Microsoft Visual Studio Solution File, Format Version 12.00
# Visual Studio Express 2013 for Web
VisualStudioVersion = 12.0.21005.1
MinimumVisualStudioVersion = 10.0.40219.1
Project("{FAE04EC0-301F-11D3-BF4B-00C04F79EFBC}") = "WordSaver.Presentation", "WordSaver.Presentation\WordSaver.Presentation.csproj", "{57880368-95BC-4CB6-8373-BAB6A5AC75F7}"
EndProject
Project("{FAE04EC0-301F-11D3-BF4B-00C04F79EFBC}") = "WordSaver.Business", "WordSaver.Business\WordSaver.Business.csproj", "{0CF4D8AD-772D-41AD-A325-762BD79EEABF}"
EndProject
Project("{FAE04EC0-301F-11D3-BF4B-00C04F79EFBC}") = "WordSaver.Tests", "WordSaver.Tests\WordSaver.Tests.csproj", "{3D3C3D25-0A38-4136-A2FF-4C890A018712}"
EndProject
Global
	GlobalSection(SolutionConfigurationPlatforms) = preSolution
		Debug|Any CPU = Debug|Any CPU
		Release|Any CPU = Release|Any CPU
	EndGlobalSection
	GlobalSection(ProjectConfigurationPlatforms) = postSolution
		{57880368-95BC-4CB6-8373-BAB6A5AC75F7}.Debug|Any CPU.ActiveCfg = Debug|Any CPU
		{57880368-95BC-4CB6-8373-BAB6A5AC75F7}.Debug|Any CPU.Build.0 = Debug|Any CPU
		{57880368-95BC-4CB6-8373-BAB6A5AC75F7}.Release|Any CPU.ActiveCfg = Release|Any CPU
		{57880368-95BC-4CB6-8373-BAB6A5AC75F7}.Release|Any CPU.Build.0 = Release|Any CPU
		{0CF4D8AD-772D-41AD-A325-762BD79EEABF}.Debug|Any CPU.ActiveCfg = Debug|Any CPU
		{0CF4D8AD-772D-41AD-A325-762BD79EEABF}.Debug|Any CPU.Build.0 = Debug|Any CPU
		{0CF4D8AD-772D-41AD-A325-762BD79EEABF}.Release|Any CPU.ActiveCfg = Release|Any CPU
		{0CF4D8AD-772D-41AD-A325-762BD79EEABF}.Release|Any CPU.Build.0 = Release|Any CPU
		{3D3C3D25-0A38-4136-A2FF-4C890A018712}.Debug|Any CPU.ActiveCfg = Debug|Any CPU
		{3D3C3D25-0A38-4136-A2FF-4C890A018712}.Debug|Any CPU.Build.0 = Debug|Any CPU
		{3D3C3D25-0A38-4136-A2FF-4C890A018712}.Release|Any CPU.ActiveCfg = Release|Any CPU
		{3D3C3D25-0A38-4136-A2FF-4C890A018712}.Release|Any CPU.Build.0 = Release|Any CPU
	EndGlobalSection
	GlobalSection(SolutionProperties) = preSolution
		HideSolutionNode = FALSE
	EndGlobalSection
EndGlobal
